
Microsoft Visual Studio Solution File, Format Version 12.00
# Visual Studio Version 17
VisualStudioVersion = 17.14.36121.58 d17.14
MinimumVisualStudioVersion = 10.0.40219.1
Project("{FAE04EC0-301F-11D3-BF4B-00C04F79EFBC}") = "JuleGeneratorLab", "JuleGeneratorLab\JuleGeneratorLab.csproj", "{D58E1D35-AF97-4250-9264-082C0F27356C}"
EndProject
Global
	GlobalSection(SolutionConfigurationPlatforms) = preSolution
		Debug|Any CPU = Debug|Any CPU
		Release|Any CPU = Release|Any CPU
	EndGlobalSection
	GlobalSection(ProjectConfigurationPlatforms) = postSolution
		{D58E1D35-AF97-4250-9264-082C0F27356C}.Debug|Any CPU.ActiveCfg = Debug|Any CPU
		{D58E1D35-AF97-4250-9264-082C0F27356C}.Debug|Any CPU.Build.0 = Debug|Any CPU
		{D58E1D35-AF97-4250-9264-082C0F27356C}.Release|Any CPU.ActiveCfg = Release|Any CPU
		{D58E1D35-AF97-4250-9264-082C0F27356C}.Release|Any CPU.Build.0 = Release|Any CPU
	EndGlobalSection
	GlobalSection(SolutionProperties) = preSolution
		HideSolutionNode = FALSE
	EndGlobalSection
	GlobalSection(ExtensibilityGlobals) = postSolution
		SolutionGuid = {C6BFCDA9-9B75-43D3-A3C2-B218CA48100D}
	EndGlobalSection
EndGlobal
